# This file is automatically @generated by Cargo.
# It is not intended for manual editing.
version = 4

[[package]]
name = "tari-cc-private-ballot-archive"
version = "0.1.0"

[[package]]
name = "tari-cc-private-ballot-ballot"
version = "0.1.0"

[[package]]
name = "tari-cc-private-ballot-cli"
version = "0.1.0"
dependencies = [
 "tari-cc-private-ballot-protocol",
]

[[package]]
name = "tari-cc-private-ballot-crypto"
version = "0.1.0"
dependencies = [
 "tari-cc-private-ballot-protocol",
]

[[package]]
name = "tari-cc-private-ballot-protocol"
version = "0.1.0"

[[package]]
name = "tari-cc-private-ballot-registry"
version = "0.1.0"

[[package]]
name = "tari-cc-private-ballot-tally"
version = "0.1.0"

[[package]]
name = "tari-cc-private-ballot-verifier"
version = "0.1.0"
