{
  "name": "tari-private-ballot",
  "version": "0.1.0",
  "lockfileVersion": 3,
  "requires": true,
  "packages": {
    "": {
      "name": "tari-private-ballot",
      "version": "0.1.0",
      "dependencies": {
        "@tauri-apps/api": "2.11.1",
        "@tauri-apps/plugin-dialog": "2.7.1",
        "react": "19.2.7",
        "react-dom": "19.2.7",
        "uqr": "^0.1.3"
      },
      "devDependencies": {
        "@tauri-apps/cli": "2.11.4",
        "@types/react": "19.2.17",
        "@types/react-dom": "19.2.3",
        "@vitejs/plugin-react": "6.0.3",
        "typescript": "6.0.3",
        "vite": "8.2.0"
      }
    },
    "node_modules/@oxc-project/types": {
      "version": "0.142.0",
      "resolved": "https://registry.npmjs.org/@oxc-project/types/-/types-0.142.0.tgz",
      "integrity": "sha512-7W+2q5AKQVU36fkaryontrHn3YDt1RyUYXatw9i5H8ocYe2sPKSFB6eS8WNPeRKiN1qAWWZUPm7gwFzJGrccqQ==",
      "dev": true
    },
    "node_modules/@rolldown/binding-win32-x64-msvc": {
      "version": "1.2.1",
      "resolved": "https://registry.npmjs.org/@rolldown/binding-win32-x64-msvc/-/binding-win32-x64-msvc-1.2.1.tgz",
      "integrity": "sha512-Z4eCmn5QJ/5+azF9knpLWKfVd9aidn0mAe9TpJgvBLId9Ax3t0+JVxBmT25Bv7NBbVW1TZyKjQjQReouMeH5UQ==",
      "cpu": [
        "x64"
      ],
      "dev": true,
      "optional": true,
      "os": [
        "win32"
      ],
      "engines": {
        "node": "^20.19.0 || >=22.12.0"
      }
    },
    "node_modules/@rolldown/pluginutils": {
      "version": "1.0.1",
      "resolved": "https://registry.npmjs.org/@rolldown/pluginutils/-/pluginutils-1.0.1.tgz",
      "integrity": "sha512-2j9bGt5Jh8hj+vPtgzPtl72j0yRxHAyumoo6TNfAjsLB04UtpSvPbPcDcBMxz7n+9CYB0c1GxQFxYRg2jimqGw==",
      "dev": true
    },
    "node_modules/@tauri-apps/api": {
      "version": "2.11.1",
      "resolved": "https://registry.npmjs.org/@tauri-apps/api/-/api-2.11.1.tgz",
      "integrity": "sha512-M2FPuYND2m+wh5hfW9ZpSdxMPdEJovPBWwoHJmwUpysTYNHaOkVFN419m/K0LIgjb/7KU2vBgsUepJWugQCvAA=="
    },
    "node_modules/@tauri-apps/cli": {
      "version": "2.11.4",
      "resolved": "https://registry.npmjs.org/@tauri-apps/cli/-/cli-2.11.4.tgz",
      "integrity": "sha512-R8xGtMpwyetawSqm9kYOuMmEqkhUbvcUy8n0aNXIxollKBLESUu5f4Fx+64hgASYm1H+jSWq6jCW6zqTnH6hqQ==",
      "dev": true,
      "bin": {
        "tauri": "./tauri.js"
      },
      "engines": {
        "node": ">= 10"
      },
      "optionalDependencies": {
        "@tauri-apps/cli-win32-x64-msvc": "2.11.4"
      }
    },
    "node_modules/@tauri-apps/cli-win32-x64-msvc": {
      "version": "2.11.4",
      "resolved": "https://registry.npmjs.org/@tauri-apps/cli-win32-x64-msvc/-/cli-win32-x64-msvc-2.11.4.tgz",
      "integrity": "sha512-+vDiqBIU5dMISg/wNvX3sF+ZHfgJGJ5T0AcO+EHNXV9GGAG+P5fzodlDXD3QdKCRgZxMoCm5PPvj3BqLNjBthw==",
      "cpu": [
        "x64"
      ],
      "dev": true,
      "optional": true,
      "os": [
        "win32"
      ],
      "engines": {
        "node": ">= 10"
      }
    },
    "node_modules/@tauri-apps/plugin-dialog": {
      "version": "2.7.1",
      "resolved": "https://registry.npmjs.org/@tauri-apps/plugin-dialog/-/plugin-dialog-2.7.1.tgz",
      "integrity": "sha512-OK1UBXYt+ojcmxMktzzuyonYIFta8CmAASpX+CA+DTGK24KlHjhYI6x2iOJ/TjZF4N7/ACK1oFmEOjIY9IhzOQ==",
      "dependencies": {
        "@tauri-apps/api": "^2.11.0"
      }
    },
    "node_modules/@types/react": {
      "version": "19.2.17",
      "resolved": "https://registry.npmjs.org/@types/react/-/react-19.2.17.tgz",
      "integrity": "sha512-MXfmqaVPEVgkBT/aY0aGCkRWWtByiYQXo3xdQ8r5RzuFrPiRn8Gar2tQdXSUQ2GKV3bkXckek89V8wQBY2Q/Aw==",
      "dev": true,
      "dependencies": {
        "csstype": "^3.2.2"
      }
    },
    "node_modules/@types/react-dom": {
      "version": "19.2.3",
      "resolved": "https://registry.npmjs.org/@types/react-dom/-/react-dom-19.2.3.tgz",
      "integrity": "sha512-jp2L/eY6fn+KgVVQAOqYItbF0VY/YApe5Mz2F0aykSO8gx31bYCZyvSeYxCHKvzHG5eZjc+zyaS5BrBWya2+kQ==",
      "dev": true
    },
    "node_modules/@vitejs/plugin-react": {
      "version": "6.0.3",
      "resolved": "https://registry.npmjs.org/@vitejs/plugin-react/-/plugin-react-6.0.3.tgz",
      "integrity": "sha512-vmFvco5/QuC2f9Oj+wTk0+9XeDFkHxSamwZKYc7MxYwKICfvUvlMhqKI0VuICPltGqh1neqBKDvO4kes1ya8vg==",
      "dev": true,
      "dependencies": {
        "@rolldown/pluginutils": "^1.0.1"
      },
      "engines": {
        "node": "^20.19.0 || >=22.12.0"
      }
    },
    "node_modules/csstype": {
      "version": "3.2.3",
      "resolved": "https://registry.npmjs.org/csstype/-/csstype-3.2.3.tgz",
      "integrity": "sha512-z1HGKcYy2xA8AGQfwrn0PAy+PB7X/GSj3UVJW9qKyn43xWa+gl5nXmU4qqLMRzWVLFC8KusUX8T/0kCiOYpAIQ==",
      "dev": true
    },
    "node_modules/detect-libc": {
      "version": "2.1.2",
      "resolved": "https://registry.npmjs.org/detect-libc/-/detect-libc-2.1.2.tgz",
      "integrity": "sha512-Btj2BOOO83o3WyH59e8MgXsxEQVcarkUOpEYrubB0urwnN10yQ364rsiByU11nZlqWYZm05i/of7io4mzihBtQ==",
      "dev": true,
      "engines": {
        "node": ">=8"
      }
    },
    "node_modules/fdir": {
      "version": "6.5.0",
      "resolved": "https://registry.npmjs.org/fdir/-/fdir-6.5.0.tgz",
      "integrity": "sha512-tIbYtZbucOs0BRGqPJkshJUYdL+SDH7dVM8gjy+ERp3WAUjLEFJE+02kanyHtwjWOnwrKYBiwAmM0p4kLJAnXg==",
      "dev": true,
      "engines": {
        "node": ">=12.0.0"
      }
    },
    "node_modules/lightningcss": {
      "version": "1.33.0",
      "resolved": "https://registry.npmjs.org/lightningcss/-/lightningcss-1.33.0.tgz",
      "integrity": "sha512-WkUDrojuJs0xkgGf2udWxa3yGBRxPtxUkB79i6aCZLRgc7PM8fZe9TosfPDcvEpQZbuFASnHYmRLBLUbmLOIIA==",
      "dev": true,
      "dependencies": {
        "detect-libc": "^2.0.3"
      },
      "engines": {
        "node": ">= 12.0.0"
      }
    },
    "node_modules/nanoid": {
      "version": "3.3.16",
      "resolved": "https://registry.npmjs.org/nanoid/-/nanoid-3.3.16.tgz",
      "integrity": "sha512-bzlKTyNJ7+LdGIIwy8ijFpIqEQIvafahV7eYykJ8Cvh42EdJeODoJ6gUJXpQJvej1BddH8OqTXZNE/KfbWAu8Q==",
      "dev": true,
      "bin": {
        "nanoid": "./bin/nanoid.cjs"
      },
      "engines": {
        "node": "^10 || ^12 || ^13.7 || ^14 || >=15.0.1"
      }
    },
    "node_modules/picocolors": {
      "version": "1.1.1",
      "resolved": "https://registry.npmjs.org/picocolors/-/picocolors-1.1.1.tgz",
      "integrity": "sha512-xceH2snhtb5M9liqDsmEw56le376mTZkEX/jEb/RxNFyegNul7eNslCXP9FDj/Lcu0X8KEyMceP2ntpaHrDEVA==",
      "dev": true
    },
    "node_modules/picomatch": {
      "version": "4.0.5",
      "resolved": "https://registry.npmjs.org/picomatch/-/picomatch-4.0.5.tgz",
      "integrity": "sha512-RvwwcruNjI1ncT5xRakeyS9Lf8lcItv34KD+aif+VH9kduAyfYBipGh12274xtenIPZ119/R9BdTBa8gAwSh0A==",
      "dev": true,
      "engines": {
        "node": ">=12"
      }
    },
    "node_modules/postcss": {
      "version": "8.5.25",
      "resolved": "https://registry.npmjs.org/postcss/-/postcss-8.5.25.tgz",
      "integrity": "sha512-DTPx3RWSSnWyzLxQnlH0rJP+EW5ekl16ZU4/psbIhA0e53kJfdgaN5vKM+xP7yJtXVu+nfdVFmlgFDEKAe4Pyw==",
      "dev": true,
      "dependencies": {
        "nanoid": "^3.3.16",
        "picocolors": "^1.1.1",
        "source-map-js": "^1.2.1"
      },
      "engines": {
        "node": "^10 || ^12 || >=14"
      }
    },
    "node_modules/react": {
      "version": "19.2.7",
      "resolved": "https://registry.npmjs.org/react/-/react-19.2.7.tgz",
      "integrity": "sha512-HNe9WslTbXmFK8o8cmwgAeJFSBvt1bPdHCVKtaaV+WlAN36mpT4hcRpwbf3fY56ar2oIXzsBpOAiIRHAdY0OlQ==",
      "engines": {
        "node": ">=0.10.0"
      }
    },
    "node_modules/react-dom": {
      "version": "19.2.7",
      "resolved": "https://registry.npmjs.org/react-dom/-/react-dom-19.2.7.tgz",
      "integrity": "sha512-t0BRVXvbiE/o20Hfw669rLbMCDWtYZLvmJigy2f0MxsXF+71pxhR3xOkspmsO8h3ZlNzyibAmtCa3l4lYKk6gQ==",
      "dependencies": {
        "scheduler": "^0.27.0"
      }
    },
    "node_modules/rolldown": {
      "version": "1.2.1",
      "resolved": "https://registry.npmjs.org/rolldown/-/rolldown-1.2.1.tgz",
      "integrity": "sha512-4FKJhg8d3OiyQOA6Q1Q0hoFFpW9/OoX+VsHzpECsdsIZoOArrAK90gl59YK/Z+gnDel45bgJZK03ozH/9bCqEw==",
      "dev": true,
      "dependencies": {
        "@oxc-project/types": "=0.142.0",
        "@rolldown/pluginutils": "^1.0.0"
      },
      "bin": {
        "rolldown": "./bin/cli.mjs"
      },
      "engines": {
        "node": "^20.19.0 || >=22.12.0"
      },
      "optionalDependencies": {
        "@rolldown/binding-win32-x64-msvc": "1.2.1"
      }
    },
    "node_modules/scheduler": {
      "version": "0.27.0",
      "resolved": "https://registry.npmjs.org/scheduler/-/scheduler-0.27.0.tgz",
      "integrity": "sha512-eNv+WrVbKu1f3vbYJT/xtiF5syA5HPIMtf9IgY/nKg0sWqzAUEvqY/xm7OcZc/qafLx/iO9FgOmeSAp4v5ti/Q=="
    },
    "node_modules/source-map-js": {
      "version": "1.2.1",
      "resolved": "https://registry.npmjs.org/source-map-js/-/source-map-js-1.2.1.tgz",
      "integrity": "sha512-UXWMKhLOwVKb728IUtQPXxfYU+usdybtUrK/8uGE8CQMvrhOpwvzDBwj0QhSL7MQc7vIsISBG8VQ8+IDQxpfQA==",
      "dev": true,
      "engines": {
        "node": ">=0.10.0"
      }
    },
    "node_modules/tinyglobby": {
      "version": "0.2.17",
      "resolved": "https://registry.npmjs.org/tinyglobby/-/tinyglobby-0.2.17.tgz",
      "integrity": "sha512-wXR/dYpcqKmfWpEdZjiKJOwCNFndD0DMnrW/cYjVGttEkBfVgcLFHoNrlj47mjOVic9yyNu65alsgF4NQyTa2g==",
      "dev": true,
      "dependencies": {
        "fdir": "^6.5.0",
        "picomatch": "^4.0.4"
      },
      "engines": {
        "node": ">=12.0.0"
      }
    },
    "node_modules/typescript": {
      "version": "6.0.3",
      "resolved": "https://registry.npmjs.org/typescript/-/typescript-6.0.3.tgz",
      "integrity": "sha512-y2TvuxSZPDyQakkFRPZHKFm+KKVqIisdg9/CZwm9ftvKXLP8NRWj38/ODjNbr43SsoXqNuAisEf1GdCxqWcdBw==",
      "dev": true,
      "bin": {
        "tsc": "./bin/tsc",
        "tsserver": "./bin/tsserver"
      },
      "engines": {
        "node": ">=14.17"
      }
    },
    "node_modules/uqr": {
      "version": "0.1.3",
      "resolved": "https://registry.npmjs.org/uqr/-/uqr-0.1.3.tgz",
      "integrity": "sha512-0rjE8iEJe4YmT9TOhwsZtqCMRLc5DXZUI2UEYUUg63ikBkqqE5EYWaI0etFe/5KUcmcYwLih2RND1kq+hrUJXA==",
      "license": "MIT"
    },
    "node_modules/vite": {
      "version": "8.2.0",
      "resolved": "https://registry.npmjs.org/vite/-/vite-8.2.0.tgz",
      "integrity": "sha512-pn+CFpM0lwDeKwmOq1ZaBK/9sjorZcgqxki6MbY/jPEVd9vichIlmlD4HmQ5wdP5EgqQCFRaACBxMC7uEGc6lQ==",
      "dev": true,
      "dependencies": {
        "lightningcss": "^1.33.0",
        "picomatch": "^4.0.5",
        "postcss": "^8.5.23",
        "rolldown": "~1.2.0",
        "tinyglobby": "^0.2.17"
      },
      "bin": {
        "vite": "bin/vite.js"
      },
      "engines": {
        "node": "^20.19.0 || >=22.12.0"
      }
    }
  }
}
